{
    "_meta": {
        "hash": {
            "sha256": "425cbb7df23b8c824789b7c9134394dbce9dfb22c6b8724ee89a356ed7c89c2d"
        },
        "pipfile-spec": 6,
        "requires": {
            "python_version": "3.7"
        },
        "sources": [
            {
                "name": "pypi",
                "url": "https://pypi.org/simple",
                "verify_ssl": true
            }
        ]
    },
    "default": {
        "asgiref": {
            "hashes": [
                "sha256:7e51911ee147dd685c3c8b805c0ad0cb58d360987b56953878f8c06d2d1c6f1a",
                "sha256:9fc6fb5d39b8af147ba40765234fa822b39818b12cc80b35ad9b0cef3a476aed"
            ],
            "index": "pypi",
            "version": "==3.2.10"
        },
        "dj-database-url": {
            "hashes": [
                "sha256:4aeaeb1f573c74835b0686a2b46b85990571159ffc21aa57ecd4d1e1cb334163",
                "sha256:851785365761ebe4994a921b433062309eb882fedd318e1b0fcecc607ed02da9"
            ],
            "index": "pypi",
            "version": "==0.5.0"
        },
        "django": {
            "hashes": [
                "sha256:1a63f5bb6ff4d7c42f62a519edc2adbb37f9b78068a5a862beff858b68e3dc8b",
                "sha256:2d390268a13c655c97e0e2ede9d117007996db692c1bb93eabebd4fb7ea7012b"
            ],
            "index": "pypi",
            "version": "==3.1"
        },
        "django-debug-toolbar": {
            "hashes": [
                "sha256:eabbefe89881bbe4ca7c980ff102e3c35c8e8ad6eb725041f538988f2f39a943",
                "sha256:ff94725e7aae74b133d0599b9bf89bd4eb8f5d2c964106e61d11750228c8774c"
            ],
            "index": "pypi",
            "version": "==2.2"
        },
        "django-heroku": {
            "hashes": [
                "sha256:2bc690aab89eedbe01311752320a9a12e7548e3b0ed102681acc5736a41a4762",
                "sha256:6af4bc3ae4a9b55eaad6dbe5164918982d2762661aebc9f83d9fa49f6009514e"
            ],
            "index": "pypi",
            "version": "==0.3.1"
        },
        "gunicorn": {
            "hashes": [
                "sha256:1904bb2b8a43658807108d59c3f3d56c2b6121a701161de0ddf9ad140073c626",
                "sha256:cd4a810dd51bf497552cf3f863b575dabd73d6ad6a91075b65936b151cbf4f9c"
            ],
            "index": "pypi",
            "version": "==20.0.4"
        },
        "psycopg2": {
            "hashes": [
                "sha256:132efc7ee46a763e68a815f4d26223d9c679953cd190f1f218187cb60decf535",
                "sha256:2327bf42c1744a434ed8ed0bbaa9168cac7ee5a22a9001f6fc85c33b8a4a14b7",
                "sha256:27c633f2d5db0fc27b51f1b08f410715b59fa3802987aec91aeb8f562724e95c",
                "sha256:2c0afb40cfb4d53487ee2ebe128649028c9a78d2476d14a67781e45dc287f080",
                "sha256:2df2bf1b87305bd95eb3ac666ee1f00a9c83d10927b8144e8e39644218f4cf81",
                "sha256:440a3ea2c955e89321a138eb7582aa1d22fe286c7d65e26a2c5411af0a88ae72",
                "sha256:6a471d4d2a6f14c97a882e8d3124869bc623f3df6177eefe02994ea41fd45b52",
                "sha256:6b306dae53ec7f4f67a10942cf8ac85de930ea90e9903e2df4001f69b7833f7e",
                "sha256:a0984ff49e176062fcdc8a5a2a670c9bb1704a2f69548bce8f8a7bad41c661bf",
                "sha256:ac5b23d0199c012ad91ed1bbb971b7666da651c6371529b1be8cbe2a7bf3c3a9",
                "sha256:acf56d564e443e3dea152efe972b1434058244298a94348fc518d6dd6a9fb0bb",
                "sha256:d3b29d717d39d3580efd760a9a46a7418408acebbb784717c90d708c9ed5f055",
                "sha256:f7d46240f7a1ae1dd95aab38bd74f7428d46531f69219954266d669da60c0818"
            ],
            "index": "pypi",
            "version": "==2.8.5"
        },
        "py-mini-racer": {
            "hashes": [
                "sha256:02c49ac9dd07f1f5db03a8f00c9044ee9fc0f0a9f89113ad5efc3806c0911e29",
                "sha256:0cfc02c1d4c2fc498e2123544fa18a2fbd412c0892780f9ffc2b00af6ec2b0bb",
                "sha256:14540904511b7a874673d5379fd21545e48d9145e520e951267aaa8a7c2a3b46",
                "sha256:19c09a962b352885af38d76629567337eeb44d554055004abb64d0ab9d8fdb19",
                "sha256:2264da1988d03948be919d3a9fbbc818ea3853304e22ceefc31074a769e2de2c",
                "sha256:2e1a2b8f193581d3a4ddd535283d87e89fd2210916297cb500e73f0ffe7e84b7",
                "sha256:31b743714a54e08267da26a088ee9e65a5be3fd06ca98f6d0695ff281735739f",
                "sha256:40993125c94e01a85dee6d742f33f61730d9fa77d444023a9962549c108c4011",
                "sha256:4ad495559e61b5a6f4849441118d4c7b84eeb43232d4a0e25bdf9de4b8185744",
                "sha256:5142396998974327faf83f31ee12b1304704d6b72e17acaa909ce1b2a76835ed",
                "sha256:519ae341eaa01f45c8a3675015443a636c9c19b9f676efa10759d5cfe342e777",
                "sha256:576def804859a0efd7f311a8f5cc1f64265a2627f9f3eee30da3fb13a6fe42bd",
                "sha256:5e4d014e6baa8c3bf2ccd1decf699f2f118cc18ffeaaec02843dad12fea906cb",
                "sha256:61d1892318571f7fe7d8772b7f498f3a15b5a711717fc8eb912aa8a7d274bf89",
                "sha256:6fe80762061f55b015e13c7d95a656a6657d0eef47c9b58d7d62d02ff7ad7511",
                "sha256:7130691ea1bdf25a6534980dddcec6abe142f32c859f8d53c028fbe3323e6d59",
                "sha256:7686581b7c983e7e934729cb40b21a3eb9b18a12faf273019888187a65b85462",
                "sha256:863b12f59eeddfaaff7d1d00f26929b94e3c359cc0e3f32c15ab8bbd1988fab2",
                "sha256:8817203de11beea1cd99948fb902a30eaa6af36277d5c29a58690663aa737201",
                "sha256:9e348d2a86833f1b564a8610a8e3c35690d3b38e47a281c84860edbe137102a3",
                "sha256:a96e0c9205f22f4e350b6cad708545f075b61aaa4a55335984eac77e956f690b",
                "sha256:ad1492d3e7f05d64ced1f4500401f0bf2634f6fe3507e852a4211d27557c5844",
                "sha256:ba8db1de8975bcd84dedf3f0f8917521d6627c7909b5e9eca0ccfb7c937d6688",
                "sha256:bb0ae07a0a5b8be6164ebebd960947cdc29717346fb1b6386b4e25cf63a1abef",
                "sha256:df429104b96d85606df7b59dab5339db8cd2984eff079694395dec776bb5fb1e",
                "sha256:e63ed2d5390ee908462b023b4efede684f52417ec324e2dad36aaf8f48de0f43",
                "sha256:e73bad5971b855041e9c73b65806097c4b7d4e0add204098be6247d011f18105",
                "sha256:efe9aac6f7f01755fccddbf9aebb74d53721e92b38567de4bba0ea60d67f4f1d"
            ],
            "version": "==0.3.0"
        },
        "pytz": {
            "hashes": [
                "sha256:a494d53b6d39c3c6e44c3bec237336e14305e4f29bbf800b599253057fbb79ed",
                "sha256:c35965d010ce31b23eeb663ed3cc8c906275d6be1a34393a1d73a41febf4a048"
            ],
            "index": "pypi",
            "version": "==2020.1"
        },
        "sq-native": {
            "hashes": [
                "sha256:0ce4ad4be41a041681b7e38f412de1c33b5221f8720fefe32f75bf02ae84c51f",
                "sha256:20dd987afc3a9a86541c1c734deebf805e8a52f99f223282f68ce7b7ff759a7e",
                "sha256:46a42f8762f2fe9a9b91dd0f0fe4dd4a9e85e982a691d7d9dabde1e129e887a3",
                "sha256:47fa97304ae6bff1bbc528fb2a3a2ac838946a6270507a5161c444014600e2d4",
                "sha256:543d9fe888ca16bc794689719e99d3580a4e11dc37f528209687a7532cdc8881",
                "sha256:6aab56434aba07cff52d1fde93c403cc0baa2e9a37f9311370cf3f72e2c29864",
                "sha256:6f120b1f7f395891258173541db8c42618d75ffd846ab1921c4cd96881b7ff27",
                "sha256:7ff598dc37063bbe17f72979a95948f80b0abae86ce847109753c1a664f8276c",
                "sha256:85e5294030ed6568652a116f4301e3187e175332a5906cfd61d2a46007a6e0f6",
                "sha256:8d4afd472069852cde1ee80b8f6a3685e06461a784f64f9b626c88f2b7cf55dc",
                "sha256:8d5d9559e1c7fcc0794ab59b7202d1cd7e0690fcb9281da3bb7fb5cba76562ec",
                "sha256:9ac0334b58fa21e209a5b156691ebce369b56a8fadfe98c660e03e8330938404",
                "sha256:ac76c563771d4db705e8a4bdc417afe2896cbe98a916968705d5f7d96863d367",
                "sha256:af55e0448d4bd412072d1c5c43add0b85766b22a4446b7e1fb8e3337d8801632",
                "sha256:b3813401e12a8aaadfee98065e358c0637fac7bf8b8af5a628edfd1a10227492",
                "sha256:b47d8ac5cdc03c29e0c83308c53faa6f14910cfa1ecc6e7c6e3272fe0633ac11",
                "sha256:c4c39dabb718875c5a0d1cefd4517f1ec0d69583fcb134ed21376f7316a3db36",
                "sha256:d9f84d07f008b0f439ab6a7da52408fe71bd77632ef54ce86f771932f0f3813f",
                "sha256:e8867b222938ce2401c25a4b43579ef5de497a36951b56b664416e9de1c2c379",
                "sha256:f153dfa5429e6c641f383c2156585ad2dc44a2b96198d5e81130b413453a3399",
                "sha256:f5833081daee26a1f31c09d22fbef02351aa02a7d5b018f6440cec3c828f9fb6",
                "sha256:f830e3d2d481b22adaa51bc52e3e1c6867892322dbf97dc25c6090aca84bc3e6"
            ],
            "version": "==0.6.1.0.1"
        },
        "sqlparse": {
            "hashes": [
                "sha256:022fb9c87b524d1f7862b3037e541f68597a730a8843245c349fc93e1643dc4e",
                "sha256:e162203737712307dfe78860cc56c8da8a852ab2ee33750e33aeadf38d12c548"
            ],
            "index": "pypi",
            "version": "==0.3.1"
        },
        "sqreen": {
            "hashes": [
                "sha256:3d5123f432f4421a7020cf4e81753a03b088c63b68c9c908fbcabe1ac53d4d16"
            ],
            "index": "pypi",
            "version": "==1.21.3"
        },
        "whitenoise": {
            "hashes": [
                "sha256:60154b976a13901414a25b0273a841145f77eb34a141f9ae032a0ace3e4d5b27",
                "sha256:6dd26bfda3af29177d8ab7333a0c7b7642eb615ce83764f4d15a9aecda3201c4"
            ],
            "index": "pypi",
            "version": "==5.1.0"
        }
    },
    "develop": {}
}
